
Microsoft Visual Studio Solution File, Format Version 12.00
# Visual Studio Version 17
VisualStudioVersion = 17.0.31903.59
MinimumVisualStudioVersion = 10.0.40219.1
Project("{FAE04EC0-301F-11D3-BF4B-00C04F79EFBC}") = "Estoque.Api", "Estoque.Api\Estoque.Api.csproj", "{92F2CB46-C0CD-4169-B831-5C2F70B1E6BD}"
EndProject
Project("{FAE04EC0-301F-11D3-BF4B-00C04F79EFBC}") = "Faturamento.Api", "Faturamento.Api\Faturamento.Api.csproj", "{654727FF-D434-4068-9CF5-8B5EC0401DC0}"
EndProject
Project("{FAE04EC0-301F-11D3-BF4B-00C04F79EFBC}") = "Estoque.Tests", "Estoque.Tests\Estoque.Tests.csproj", "{3B2F1558-EB76-401E-BEC4-CADEC9A50CB5}"
EndProject
Project("{FAE04EC0-301F-11D3-BF4B-00C04F79EFBC}") = "Faturamento.Tests", "Faturamento.Tests\Faturamento.Tests.csproj", "{F36103FF-0E03-4478-B146-661C7772D631}"
EndProject
Global
	GlobalSection(SolutionConfigurationPlatforms) = preSolution
		Debug|Any CPU = Debug|Any CPU
		Release|Any CPU = Release|Any CPU
	EndGlobalSection
	GlobalSection(SolutionProperties) = preSolution
		HideSolutionNode = FALSE
	EndGlobalSection
	GlobalSection(ProjectConfigurationPlatforms) = postSolution
		{92F2CB46-C0CD-4169-B831-5C2F70B1E6BD}.Debug|Any CPU.ActiveCfg = Debug|Any CPU
		{92F2CB46-C0CD-4169-B831-5C2F70B1E6BD}.Debug|Any CPU.Build.0 = Debug|Any CPU
		{92F2CB46-C0CD-4169-B831-5C2F70B1E6BD}.Release|Any CPU.ActiveCfg = Release|Any CPU
		{92F2CB46-C0CD-4169-B831-5C2F70B1E6BD}.Release|Any CPU.Build.0 = Release|Any CPU
		{654727FF-D434-4068-9CF5-8B5EC0401DC0}.Debug|Any CPU.ActiveCfg = Debug|Any CPU
		{654727FF-D434-4068-9CF5-8B5EC0401DC0}.Debug|Any CPU.Build.0 = Debug|Any CPU
		{654727FF-D434-4068-9CF5-8B5EC0401DC0}.Release|Any CPU.ActiveCfg = Release|Any CPU
		{654727FF-D434-4068-9CF5-8B5EC0401DC0}.Release|Any CPU.Build.0 = Release|Any CPU
		{3B2F1558-EB76-401E-BEC4-CADEC9A50CB5}.Debug|Any CPU.ActiveCfg = Debug|Any CPU
		{3B2F1558-EB76-401E-BEC4-CADEC9A50CB5}.Debug|Any CPU.Build.0 = Debug|Any CPU
		{3B2F1558-EB76-401E-BEC4-CADEC9A50CB5}.Release|Any CPU.ActiveCfg = Release|Any CPU
		{3B2F1558-EB76-401E-BEC4-CADEC9A50CB5}.Release|Any CPU.Build.0 = Release|Any CPU
		{F36103FF-0E03-4478-B146-661C7772D631}.Debug|Any CPU.ActiveCfg = Debug|Any CPU
		{F36103FF-0E03-4478-B146-661C7772D631}.Debug|Any CPU.Build.0 = Debug|Any CPU
		{F36103FF-0E03-4478-B146-661C7772D631}.Release|Any CPU.ActiveCfg = Release|Any CPU
		{F36103FF-0E03-4478-B146-661C7772D631}.Release|Any CPU.Build.0 = Release|Any CPU
	EndGlobalSection
EndGlobal
